
Microsoft Visual Studio Solution File, Format Version 12.00
# Visual Studio 15
VisualStudioVersion = 15.0.28307.852
MinimumVisualStudioVersion = 10.0.40219.1
Project("{FAE04EC0-301F-11D3-BF4B-00C04F79EFBC}") = "BTL_KTTKPM", "BTL_KTTKPM\BTL_KTTKPM.csproj", "{5801CB14-EE77-419B-9534-4ADD5D9D444B}"
EndProject
Global
	GlobalSection(SolutionConfigurationPlatforms) = preSolution
		Debug|Any CPU = Debug|Any CPU
		Release|Any CPU = Release|Any CPU
	EndGlobalSection
	GlobalSection(ProjectConfigurationPlatforms) = postSolution
		{5801CB14-EE77-419B-9534-4ADD5D9D444B}.Debug|Any CPU.ActiveCfg = Debug|Any CPU
		{5801CB14-EE77-419B-9534-4ADD5D9D444B}.Debug|Any CPU.Build.0 = Debug|Any CPU
		{5801CB14-EE77-419B-9534-4ADD5D9D444B}.Release|Any CPU.ActiveCfg = Release|Any CPU
		{5801CB14-EE77-419B-9534-4ADD5D9D444B}.Release|Any CPU.Build.0 = Release|Any CPU
	EndGlobalSection
	GlobalSection(SolutionProperties) = preSolution
		HideSolutionNode = FALSE
	EndGlobalSection
	GlobalSection(ExtensibilityGlobals) = postSolution
		SolutionGuid = {11BBEBC5-212C-403C-9EDD-7D7660701428}
	EndGlobalSection
EndGlobal
